
Microsoft Visual Studio Solution File, Format Version 12.00
# Visual Studio Version 17
VisualStudioVersion = 17.3.32929.385
MinimumVisualStudioVersion = 10.0.40219.1
Project("{FAE04EC0-301F-11D3-BF4B-00C04F79EFBC}") = "LeetCode", "LeetCode.csproj", "{8AE486D8-283E-4B79-B4B1-7002CEE5ADE6}"
EndProject
Global
	GlobalSection(SolutionConfigurationPlatforms) = preSolution
		Debug|x86 = Debug|x86
		Release|x86 = Release|x86
	EndGlobalSection
	GlobalSection(ProjectConfigurationPlatforms) = postSolution
		{8AE486D8-283E-4B79-B4B1-7002CEE5ADE6}.Debug|x86.ActiveCfg = Debug|x86
		{8AE486D8-283E-4B79-B4B1-7002CEE5ADE6}.Debug|x86.Build.0 = Debug|x86
		{8AE486D8-283E-4B79-B4B1-7002CEE5ADE6}.Release|x86.ActiveCfg = Release|x86
		{8AE486D8-283E-4B79-B4B1-7002CEE5ADE6}.Release|x86.Build.0 = Release|x86
	EndGlobalSection
	GlobalSection(SolutionProperties) = preSolution
		HideSolutionNode = FALSE
	EndGlobalSection
	GlobalSection(ExtensibilityGlobals) = postSolution
		SolutionGuid = {9988B76F-7B50-4329-B1A9-E0E466389858}
	EndGlobalSection
EndGlobal
