
Microsoft Visual Studio Solution File, Format Version 12.00
# Visual Studio Version 17
VisualStudioVersion = 17.7.34031.279
MinimumVisualStudioVersion = 10.0.40219.1
Project("{8BC9CEB8-8B4A-11D0-8D11-00A0C91BC942}") = "3Sum", "3Sum.vcxproj", "{4A31C51D-600B-44BD-BA2F-91B8E1EE7693}"
EndProject
Global
	GlobalSection(SolutionConfigurationPlatforms) = preSolution
		Debug|x64 = Debug|x64
		Debug|x86 = Debug|x86
		Release|x64 = Release|x64
		Release|x86 = Release|x86
	EndGlobalSection
	GlobalSection(ProjectConfigurationPlatforms) = postSolution
		{4A31C51D-600B-44BD-BA2F-91B8E1EE7693}.Debug|x64.ActiveCfg = Debug|x64
		{4A31C51D-600B-44BD-BA2F-91B8E1EE7693}.Debug|x64.Build.0 = Debug|x64
		{4A31C51D-600B-44BD-BA2F-91B8E1EE7693}.Debug|x86.ActiveCfg = Debug|Win32
		{4A31C51D-600B-44BD-BA2F-91B8E1EE7693}.Debug|x86.Build.0 = Debug|Win32
		{4A31C51D-600B-44BD-BA2F-91B8E1EE7693}.Release|x64.ActiveCfg = Release|x64
		{4A31C51D-600B-44BD-BA2F-91B8E1EE7693}.Release|x64.Build.0 = Release|x64
		{4A31C51D-600B-44BD-BA2F-91B8E1EE7693}.Release|x86.ActiveCfg = Release|Win32
		{4A31C51D-600B-44BD-BA2F-91B8E1EE7693}.Release|x86.Build.0 = Release|Win32
	EndGlobalSection
	GlobalSection(SolutionProperties) = preSolution
		HideSolutionNode = FALSE
	EndGlobalSection
	GlobalSection(ExtensibilityGlobals) = postSolution
		SolutionGuid = {18E790C3-6E6B-4326-A3B1-7ED69D3D8684}
	EndGlobalSection
EndGlobal
